
Microsoft Visual Studio Solution File, Format Version 12.00
# Visual Studio Version 17
VisualStudioVersion = 17.5.002.0
MinimumVisualStudioVersion = 10.0.40219.1
Project("{9A19103F-16F7-4668-BE54-9A1E7A4F7556}") = "mlnet_pc4", "mlnet_pc4\mlnet_pc4.csproj", "{5B8AF94A-4A24-4717-81E4-0B1A89BB02D9}"
EndProject
Global
	GlobalSection(SolutionConfigurationPlatforms) = preSolution
		Debug|Any CPU = Debug|Any CPU
		Release|Any CPU = Release|Any CPU
	EndGlobalSection
	GlobalSection(ProjectConfigurationPlatforms) = postSolution
		{5B8AF94A-4A24-4717-81E4-0B1A89BB02D9}.Debug|Any CPU.ActiveCfg = Debug|Any CPU
		{5B8AF94A-4A24-4717-81E4-0B1A89BB02D9}.Debug|Any CPU.Build.0 = Debug|Any CPU
		{5B8AF94A-4A24-4717-81E4-0B1A89BB02D9}.Release|Any CPU.ActiveCfg = Release|Any CPU
		{5B8AF94A-4A24-4717-81E4-0B1A89BB02D9}.Release|Any CPU.Build.0 = Release|Any CPU
	EndGlobalSection
	GlobalSection(SolutionProperties) = preSolution
		HideSolutionNode = FALSE
	EndGlobalSection
	GlobalSection(ExtensibilityGlobals) = postSolution
		SolutionGuid = {D6004F48-8EEA-42EA-B5F9-5A1A9BA76C96}
	EndGlobalSection
EndGlobal
